
Microsoft Visual Studio Solution File, Format Version 12.00
# Visual Studio Version 17
VisualStudioVersion = 17.4.33205.214
MinimumVisualStudioVersion = 10.0.40219.1
Project("{888888A0-9F3D-457C-B088-3A5042F75D52}") = "sonas", "sonas.pyproj", "{CFB442FE-BB56-4DD6-9897-90C0D5CA72F9}"
EndProject
Global
	GlobalSection(SolutionConfigurationPlatforms) = preSolution
		Debug|Any CPU = Debug|Any CPU
		Release|Any CPU = Release|Any CPU
	EndGlobalSection
	GlobalSection(ProjectConfigurationPlatforms) = postSolution
		{CFB442FE-BB56-4DD6-9897-90C0D5CA72F9}.Debug|Any CPU.ActiveCfg = Debug|Any CPU
		{CFB442FE-BB56-4DD6-9897-90C0D5CA72F9}.Release|Any CPU.ActiveCfg = Release|Any CPU
	EndGlobalSection
	GlobalSection(SolutionProperties) = preSolution
		HideSolutionNode = FALSE
	EndGlobalSection
	GlobalSection(ExtensibilityGlobals) = postSolution
		SolutionGuid = {E505E4DA-5C5B-489C-978B-00A2B5D57130}
	EndGlobalSection
EndGlobal
